# generated by rye
# use `rye lock` or `rye sync` to update this lockfile
#
# last locked with the following flags:
#   pre: false
#   features: []
#   all-features: false
#   with-sources: false

-e file:.
annotated-types==0.6.0
    # via pydantic
backports-strenum==1.2.8
    # via smithed
beet==0.104.1
    # via mecha
    # via smithed
click==8.1.7
    # via beet
    # via click-help-colors
    # via typer
click-help-colors==0.9.4
    # via beet
jinja2==3.1.3
    # via beet
markdown-it-py==3.0.0
    # via rich
markupsafe==2.1.5
    # via jinja2
mdurl==0.1.2
    # via markdown-it-py
mecha==0.90.0
    # via smithed
nbtlib==1.12.1
    # via beet
numpy==1.26.4
    # via nbtlib
pathspec==0.11.2
    # via beet
pydantic==2.6.3
    # via beet
    # via smithed
pydantic-core==2.16.3
    # via pydantic
pygments==2.17.2
    # via rich
pyyaml==6.0.1
    # via beet
rich==13.7.1
    # via smithed
tokenstream==1.7.0
    # via mecha
    # via smithed
toml==0.10.2
    # via beet
typer==0.9.0
    # via smithed
typing-extensions==4.10.0
    # via beet
    # via pydantic
    # via pydantic-core
    # via typer
