# generated by rye
# use `rye lock` or `rye sync` to update this lockfile
#
# last locked with the following flags:
#   pre: false
#   features: []
#   all-features: false
#   with-sources: false

-e file:.
altair==5.2.0
    # via streamlit
annotated-types==0.6.0
    # via pydantic
asttokens==2.4.1
    # via devtools
    # via stack-data
attrs==23.2.0
    # via jsonschema
    # via referencing
backports-strenum==1.2.8
    # via smithed
beautifulsoup4==4.12.3
    # via favicon
beet==0.104.1
    # via lectern
    # via mecha
    # via smithed
black==24.2.0
blinker==1.7.0
    # via streamlit
cachetools==5.3.3
    # via streamlit
certifi==2024.2.2
    # via requests
charset-normalizer==3.3.2
    # via requests
click==8.1.7
    # via beet
    # via black
    # via click-help-colors
    # via lectern
    # via python-semantic-release
    # via streamlit
    # via typer
click-help-colors==0.9.4
    # via beet
contourpy==1.2.0
    # via matplotlib
cycler==0.12.1
    # via matplotlib
decorator==5.1.1
    # via ipython
devtools==0.12.2
docutils==0.20.1
    # via readme-renderer
dotty-dict==1.3.1
    # via python-semantic-release
entrypoints==0.4
    # via streamlit-extras
executing==2.0.1
    # via devtools
    # via stack-data
faker==24.1.0
    # via streamlit-faker
favicon==0.7.0
    # via markdownlit
fonttools==4.49.0
    # via matplotlib
gitdb==4.0.11
    # via gitpython
gitpython==3.1.42
    # via python-semantic-release
    # via streamlit
htbuilder==0.6.2
    # via markdownlit
    # via st-annotated-text
    # via streamlit-extras
idna==3.6
    # via requests
importlib-metadata==7.0.2
    # via twine
importlib-resources==6.1.3
    # via python-semantic-release
iniconfig==2.0.0
    # via pytest
ipython==8.22.2
jaraco-classes==3.3.1
    # via keyring
jedi==0.19.1
    # via ipython
jinja2==3.1.3
    # via altair
    # via beet
    # via pydeck
    # via python-semantic-release
    # via streamlit-camera-input-live
    # via streamlit-image-coordinates
    # via streamlit-keyup
jsonschema==4.21.1
    # via altair
jsonschema-specifications==2023.12.1
    # via jsonschema
keyring==24.3.1
    # via twine
kiwisolver==1.4.5
    # via matplotlib
lectern==0.32.0
lxml==5.1.0
    # via markdownlit
markdown==3.5.2
    # via markdownlit
    # via pymdown-extensions
markdown-it-py==3.0.0
    # via lectern
    # via rich
markdownlit==0.0.7
    # via streamlit-extras
markupsafe==2.1.5
    # via jinja2
matplotlib==3.8.3
    # via streamlit-faker
matplotlib-inline==0.1.6
    # via ipython
mdurl==0.1.2
    # via markdown-it-py
mecha==0.90.0
    # via smithed
more-itertools==10.2.0
    # via htbuilder
    # via jaraco-classes
mypy-extensions==1.0.0
    # via black
nbtlib==1.12.1
    # via beet
nh3==0.2.15
    # via readme-renderer
numpy==1.26.4
    # via altair
    # via contourpy
    # via matplotlib
    # via nbtlib
    # via pandas
    # via pyarrow
    # via pydeck
    # via streamlit
packaging==23.2
    # via altair
    # via black
    # via matplotlib
    # via pytest
    # via streamlit
pandas==2.2.1
    # via altair
    # via streamlit
parso==0.8.3
    # via jedi
pathspec==0.11.2
    # via beet
    # via black
pexpect==4.9.0
    # via ipython
pillow==10.2.0
    # via matplotlib
    # via streamlit
pkginfo==1.10.0
    # via twine
platformdirs==4.2.0
    # via black
pluggy==1.4.0
    # via pytest
prometheus-client==0.20.0
    # via streamlit-extras
prompt-toolkit==3.0.43
    # via ipython
protobuf==4.25.3
    # via streamlit
    # via streamlit-extras
ptyprocess==0.7.0
    # via pexpect
pure-eval==0.2.2
    # via stack-data
pyarrow==15.0.1
    # via streamlit
pydantic==2.6.3
    # via beet
    # via python-semantic-release
    # via smithed
pydantic-core==2.16.3
    # via pydantic
pydeck==0.8.0
    # via streamlit
pygments==2.17.2
    # via devtools
    # via ipython
    # via readme-renderer
    # via rich
pymdown-extensions==10.7.1
    # via markdownlit
pyparsing==3.1.2
    # via matplotlib
pytest==8.1.1
    # via pytest-insta
pytest-insta==0.3.0
python-dateutil==2.9.0.post0
    # via faker
    # via matplotlib
    # via pandas
python-gitlab==3.15.0
    # via python-semantic-release
python-semantic-release==9.1.1
pytz==2024.1
    # via pandas
pyyaml==6.0.1
    # via beet
    # via pymdown-extensions
readme-renderer==43.0
    # via twine
referencing==0.33.0
    # via jsonschema
    # via jsonschema-specifications
requests==2.31.0
    # via favicon
    # via python-gitlab
    # via python-semantic-release
    # via requests-toolbelt
    # via streamlit
    # via twine
requests-toolbelt==1.0.0
    # via python-gitlab
    # via twine
rfc3986==2.0.0
    # via twine
rich==13.7.1
    # via python-semantic-release
    # via smithed
    # via streamlit
    # via twine
rpds-py==0.18.0
    # via jsonschema
    # via referencing
ruff==0.3.2
shellingham==1.5.4
    # via python-semantic-release
six==1.16.0
    # via asttokens
    # via python-dateutil
smmap==5.0.1
    # via gitdb
soupsieve==2.5
    # via beautifulsoup4
st-annotated-text==4.0.1
    # via streamlit-extras
stack-data==0.6.3
    # via ipython
streamlit==1.32.1
    # via markdownlit
    # via streamlit-camera-input-live
    # via streamlit-card
    # via streamlit-embedcode
    # via streamlit-extras
    # via streamlit-faker
    # via streamlit-image-coordinates
    # via streamlit-keyup
    # via streamlit-toggle-switch
    # via streamlit-vertical-slider
streamlit-camera-input-live==0.2.0
    # via streamlit-extras
streamlit-card==1.0.0
    # via streamlit-extras
streamlit-embedcode==0.1.2
    # via streamlit-extras
streamlit-extras==0.4.0
    # via markdownlit
    # via streamlit-faker
streamlit-faker==0.0.3
    # via streamlit-extras
streamlit-image-coordinates==0.1.6
    # via streamlit-extras
streamlit-keyup==0.2.3
    # via streamlit-extras
streamlit-toggle-switch==1.0.2
    # via streamlit-extras
streamlit-vertical-slider==2.5.5
    # via streamlit-extras
tenacity==8.2.3
    # via streamlit
tokenstream==1.7.0
    # via mecha
    # via smithed
toml==0.10.2
    # via beet
    # via streamlit
tomlkit==0.12.4
    # via python-semantic-release
toolz==0.12.1
    # via altair
tornado==6.4
    # via streamlit
traitlets==5.14.1
    # via ipython
    # via matplotlib-inline
twine==5.0.0
typer==0.9.0
    # via smithed
typing-extensions==4.10.0
    # via beet
    # via pydantic
    # via pydantic-core
    # via streamlit
    # via typer
tzdata==2024.1
    # via pandas
urllib3==2.2.1
    # via requests
    # via twine
wcwidth==0.2.13
    # via prompt-toolkit
wrapt==1.16.0
    # via pytest-insta
zipp==3.17.0
    # via importlib-metadata
